PODS:
  - InAppMessaging (0.1.0):
    - Swinject
  - Swinject (2.2.0)

DEPENDENCIES:
  - InAppMessaging (from `../`)

SPEC REPOS:
  https://github.com/cocoapods/specs.git:
    - Swinject

EXTERNAL SOURCES:
  InAppMessaging:
    :path: "../"

SPEC CHECKSUMS:
  InAppMessaging: 3301d70b7f9163240b926586835afcfb7608acb6
  Swinject: 4ca48bca7de5f398229a26abe1ac902b9f3ee541

PODFILE CHECKSUM: 6a458d41073b3a2a96cd289c5bbe27d5b1e906a4

COCOAPODS: 1.5.3
